// !$*UTF8*$!
{
	archiveVersion = 1;
	classes = {
	};
	objectVersion = 56;
	objects = {

/* Begin PBXBuildFile section */
		B25382882988ECCC0037D67F /* Demo_MusicPlayerApp.swift in Sources */ = {isa = PBXBuildFile; fileRef = B25382872988ECCC0037D67F /* Demo_MusicPlayerApp.swift */; };
		B253828A2988ECCC0037D67F /* ContentView.swift in Sources */ = {isa = PBXBuildFile; fileRef = B25382892988ECCC0037D67F /* ContentView.swift */; };
		B253828C2988ECCD0037D67F /* Assets.xcassets in Resources */ = {isa = PBXBuildFile; fileRef = B253828B2988ECCD0037D67F /* Assets.xcassets */; };
		B253828F2988ECCD0037D67F /* Preview Assets.xcassets in Resources */ = {isa = PBXBuildFile; fileRef = B253828E2988ECCD0037D67F /* Preview Assets.xcassets */; };
		B25382962988ED3D0037D67F /* MusicPlayerView.swift in Sources */ = {isa = PBXBuildFile; fileRef = B25382952988ED3D0037D67F /* MusicPlayerView.swift */; };
		B25382982988EFD20037D67F /* PlayerView.swift in Sources */ = {isa = PBXBuildFile; fileRef = B25382972988EFD20037D67F /* PlayerView.swift */; };
		B253829A2988F17A0037D67F /* PlaybackControlButton.swift in Sources */ = {isa = PBXBuildFile; fileRef = B25382992988F17A0037D67F /* PlaybackControlButton.swift */; };
		B2A16277299B4CD100AD435F /* AudioManager.swift in Sources */ = {isa = PBXBuildFile; fileRef = B2A16276299B4CD100AD435F /* AudioManager.swift */; };
		B2F8076F2988F988001DB6D4 /* MusicViewModel.swift in Sources */ = {isa = PBXBuildFile; fileRef = B2F8076E2988F988001DB6D4 /* MusicViewModel.swift */; };
		B2F807712988FB0B001DB6D4 /* Extensions.swift in Sources */ = {isa = PBXBuildFile; fileRef = B2F807702988FB0B001DB6D4 /* Extensions.swift */; };
/* End PBXBuildFile section */

/* Begin PBXFileReference section */
		B25382842988ECCC0037D67F /* Demo_MusicPlayer.app */ = {isa = PBXFileReference; explicitFileType = wrapper.application; includeInIndex = 0; path = Demo_MusicPlayer.app; sourceTree = BUILT_PRODUCTS_DIR; };
		B25382872988ECCC0037D67F /* Demo_MusicPlayerApp.swift */ = {isa = PBXFileReference; lastKnownFileType = sourcecode.swift; path = Demo_MusicPlayerApp.swift; sourceTree = "<group>"; };
		B25382892988ECCC0037D67F /* ContentView.swift */ = {isa = PBXFileReference; lastKnownFileType = sourcecode.swift; path = ContentView.swift; sourceTree = "<group>"; };
		B253828B2988ECCD0037D67F /* Assets.xcassets */ = {isa = PBXFileReference; lastKnownFileType = folder.assetcatalog; path = Assets.xcassets; sourceTree = "<group>"; };
		B253828E2988ECCD0037D67F /* Preview Assets.xcassets */ = {isa = PBXFileReference; lastKnownFileType = folder.assetcatalog; path = "Preview Assets.xcassets"; sourceTree = "<group>"; };
		B25382952988ED3D0037D67F /* MusicPlayerView.swift */ = {isa = PBXFileReference; lastKnownFileType = sourcecode.swift; path = MusicPlayerView.swift; sourceTree = "<group>"; };
		B25382972988EFD20037D67F /* PlayerView.swift */ = {isa = PBXFileReference; lastKnownFileType = sourcecode.swift; path = PlayerView.swift; sourceTree = "<group>"; };
		B25382992988F17A0037D67F /* PlaybackControlButton.swift */ = {isa = PBXFileReference; lastKnownFileType = sourcecode.swift; path = PlaybackControlButton.swift; sourceTree = "<group>"; };
		B2A16276299B4CD100AD435F /* AudioManager.swift */ = {isa = PBXFileReference; lastKnownFileType = sourcecode.swift; path = AudioManager.swift; sourceTree = "<group>"; };
		B2A16278299B50D600AD435F /* Demo-MusicPlayer-Info.plist */ = {isa = PBXFileReference; lastKnownFileType = text.plist; path = "Demo-MusicPlayer-Info.plist"; sourceTree = SOURCE_ROOT; };
		B2F8076E2988F988001DB6D4 /* MusicViewModel.swift */ = {isa = PBXFileReference; lastKnownFileType = sourcecode.swift; path = MusicViewModel.swift; sourceTree = "<group>"; };
		B2F807702988FB0B001DB6D4 /* Extensions.swift */ = {isa = PBXFileReference; lastKnownFileType = sourcecode.swift; path = Extensions.swift; sourceTree = "<group>"; };
/* End PBXFileReference section */

/* Begin PBXFrameworksBuildPhase section */
		B25382812988ECCC0037D67F /* Frameworks */ = {
			isa = PBXFrameworksBuildPhase;
			buildActionMask = 2147483647;
			files = (
			);
			runOnlyForDeploymentPostprocessing = 0;
		};
/* End PBXFrameworksBuildPhase section */

/* Begin PBXGroup section */
		B253827B2988ECCC0037D67F = {
			isa = PBXGroup;
			children = (
				B25382862988ECCC0037D67F /* Demo_MusicPlayer */,
				B25382852988ECCC0037D67F /* Products */,
			);
			sourceTree = "<group>";
		};
		B25382852988ECCC0037D67F /* Products */ = {
			isa = PBXGroup;
			children = (
				B25382842988ECCC0037D67F /* Demo_MusicPlayer.app */,
			);
			name = Products;
			sourceTree = "<group>";
		};
		B25382862988ECCC0037D67F /* Demo_MusicPlayer */ = {
			isa = PBXGroup;
			children = (
				B2A16278299B50D600AD435F /* Demo-MusicPlayer-Info.plist */,
				B25382872988ECCC0037D67F /* Demo_MusicPlayerApp.swift */,
				B25382892988ECCC0037D67F /* ContentView.swift */,
				B25382952988ED3D0037D67F /* MusicPlayerView.swift */,
				B25382972988EFD20037D67F /* PlayerView.swift */,
				B25382992988F17A0037D67F /* PlaybackControlButton.swift */,
				B2F8076E2988F988001DB6D4 /* MusicViewModel.swift */,
				B2A16276299B4CD100AD435F /* AudioManager.swift */,
				B2F807702988FB0B001DB6D4 /* Extensions.swift */,
				B253828B2988ECCD0037D67F /* Assets.xcassets */,
				B253828D2988ECCD0037D67F /* Preview Content */,
			);
			path = Demo_MusicPlayer;
			sourceTree = "<group>";
		};
		B253828D2988ECCD0037D67F /* Preview Content */ = {
			isa = PBXGroup;
			children = (
				B253828E2988ECCD0037D67F /* Preview Assets.xcassets */,
			);
			path = "Preview Content";
			sourceTree = "<group>";
		};
/* End PBXGroup section */

/* Begin PBXNativeTarget section */
		B25382832988ECCC0037D67F /* Demo_MusicPlayer */ = {
			isa = PBXNativeTarget;
			buildConfigurationList = B25382922988ECCD0037D67F /* Build configuration list for PBXNativeTarget "Demo_MusicPlayer" */;
			buildPhases = (
				B25382802988ECCC0037D67F /* Sources */,
				B25382812988ECCC0037D67F /* Frameworks */,
				B25382822988ECCC0037D67F /* Resources */,
			);
			buildRules = (
			);
			dependencies = (
			);
			name = Demo_MusicPlayer;
			productName = Demo_MusicPlayer;
			productReference = B25382842988ECCC0037D67F /* Demo_MusicPlayer.app */;
			productType = "com.apple.product-type.application";
		};
/* End PBXNativeTarget section */

/* Begin PBXProject section */
		B253827C2988ECCC0037D67F /* Project object */ = {
			isa = PBXProject;
			attributes = {
				BuildIndependentTargetsInParallel = 1;
				LastSwiftUpdateCheck = 1420;
				LastUpgradeCheck = 1420;
				TargetAttributes = {
					B25382832988ECCC0037D67F = {
						CreatedOnToolsVersion = 14.2;
					};
				};
			};
			buildConfigurationList = B253827F2988ECCC0037D67F /* Build configuration list for PBXProject "Demo_MusicPlayer" */;
			compatibilityVersion = "Xcode 14.0";
			developmentRegion = en;
			hasScannedForEncodings = 0;
			knownRegions = (
				en,
				Base,
			);
			mainGroup = B253827B2988ECCC0037D67F;
			productRefGroup = B25382852988ECCC0037D67F /* Products */;
			projectDirPath = "";
			projectRoot = "";
			targets = (
				B25382832988ECCC0037D67F /* Demo_MusicPlayer */,
			);
		};
/* End PBXProject section */

/* Begin PBXResourcesBuildPhase section */
		B25382822988ECCC0037D67F /* Resources */ = {
			isa = PBXResourcesBuildPhase;
			buildActionMask = 2147483647;
			files = (
				B253828F2988ECCD0037D67F /* Preview Assets.xcassets in Resources */,
				B253828C2988ECCD0037D67F /* Assets.xcassets in Resources */,
			);
			runOnlyForDeploymentPostprocessing = 0;
		};
/* End PBXResourcesBuildPhase section */

/* Begin PBXSourcesBuildPhase section */
		B25382802988ECCC0037D67F /* Sources */ = {
			isa = PBXSourcesBuildPhase;
			buildActionMask = 2147483647;
			files = (
				B2F8076F2988F988001DB6D4 /* MusicViewModel.swift in Sources */,
				B25382962988ED3D0037D67F /* MusicPlayerView.swift in Sources */,
				B2A16277299B4CD100AD435F /* AudioManager.swift in Sources */,
				B253828A2988ECCC0037D67F /* ContentView.swift in Sources */,
				B253829A2988F17A0037D67F /* PlaybackControlButton.swift in Sources */,
				B25382882988ECCC0037D67F /* Demo_MusicPlayerApp.swift in Sources */,
				B25382982988EFD20037D67F /* PlayerView.swift in Sources */,
				B2F807712988FB0B001DB6D4 /* Extensions.swift in Sources */,
			);
			runOnlyForDeploymentPostprocessing = 0;
		};
/* End PBXSourcesBuildPhase section */

/* Begin XCBuildConfiguration section */
		B25382902988ECCD0037D67F /* Debug */ = {
			isa = XCBuildConfiguration;
			buildSettings = {
				ALWAYS_SEARCH_USER_PATHS = NO;
				CLANG_ANALYZER_NONNULL = YES;
				CLANG_ANALYZER_NUMBER_OBJECT_CONVERSION = YES_AGGRESSIVE;
				CLANG_CXX_LANGUAGE_STANDARD = "gnu++20";
				CLANG_ENABLE_MODULES = YES;
				CLANG_ENABLE_OBJC_ARC = YES;
				CLANG_ENABLE_OBJC_WEAK = YES;
				CLANG_WARN_BLOCK_CAPTURE_AUTORELEASING = YES;
				CLANG_WARN_BOOL_CONVERSION = YES;
				CLANG_WARN_COMMA = YES;
				CLANG_WARN_CONSTANT_CONVERSION = YES;
				CLANG_WARN_DEPRECATED_OBJC_IMPLEMENTATIONS = YES;
				CLANG_WARN_DIRECT_OBJC_ISA_USAGE = YES_ERROR;
				CLANG_WARN_DOCUMENTATION_COMMENTS = YES;
				CLANG_WARN_EMPTY_BODY = YES;
				CLANG_WARN_ENUM_CONVERSION = YES;
				CLANG_WARN_INFINITE_RECURSION = YES;
				CLANG_WARN_INT_CONVERSION = YES;
				CLANG_WARN_NON_LITERAL_NULL_CONVERSION = YES;
				CLANG_WARN_OBJC_IMPLICIT_RETAIN_SELF = YES;
				CLANG_WARN_OBJC_LITERAL_CONVERSION = YES;
				CLANG_WARN_OBJC_ROOT_CLASS = YES_ERROR;
				CLANG_WARN_QUOTED_INCLUDE_IN_FRAMEWORK_HEADER = YES;
				CLANG_WARN_RANGE_LOOP_ANALYSIS = YES;
				CLANG_WARN_STRICT_PROTOTYPES = YES;
				CLANG_WARN_SUSPICIOUS_MOVE = YES;
				CLANG_WARN_UNGUARDED_AVAILABILITY = YES_AGGRESSIVE;
				CLANG_WARN_UNREACHABLE_CODE = YES;
				CLANG_WARN__DUPLICATE_METHOD_MATCH = YES;
				COPY_PHASE_STRIP = NO;
				DEBUG_INFORMATION_FORMAT = dwarf;
				ENABLE_STRICT_OBJC_MSGSEND = YES;
				ENABLE_TESTABILITY = YES;
				GCC_C_LANGUAGE_STANDARD = gnu11;
				GCC_DYNAMIC_NO_PIC = NO;
				GCC_NO_COMMON_BLOCKS = YES;
				GCC_OPTIMIZATION_LEVEL = 0;
				GCC_PREPROCESSOR_DEFINITIONS = (
					"DEBUG=1",
					"$(inherited)",
				);
				GCC_WARN_64_TO_32_BIT_CONVERSION = YES;
				GCC_WARN_ABOUT_RETURN_TYPE = YES_ERROR;
				GCC_WARN_UNDECLARED_SELECTOR = YES;
				GCC_WARN_UNINITIALIZED_AUTOS = YES_AGGRESSIVE;
				GCC_WARN_UNUSED_FUNCTION = YES;
				GCC_WARN_UNUSED_VARIABLE = YES;
				IPHONEOS_DEPLOYMENT_TARGET = 16.2;
				MTL_ENABLE_DEBUG_INFO = INCLUDE_SOURCE;
				MTL_FAST_MATH = YES;
				ONLY_ACTIVE_ARCH = YES;
				SDKROOT = iphoneos;
				SWIFT_ACTIVE_COMPILATION_CONDITIONS = DEBUG;
				SWIFT_OPTIMIZATION_LEVEL = "-Onone";
			};
			name = Debug;
		};
		B25382912988ECCD0037D67F /* Release */ = {
			isa = XCBuildConfiguration;
			buildSettings = {
				ALWAYS_SEARCH_USER_PATHS = NO;
				CLANG_ANALYZER_NONNULL = YES;
				CLANG_ANALYZER_NUMBER_OBJECT_CONVERSION = YES_AGGRESSIVE;
				CLANG_CXX_LANGUAGE_STANDARD = "gnu++20";
				CLANG_ENABLE_MODULES = YES;
				CLANG_ENABLE_OBJC_ARC = YES;
				CLANG_ENABLE_OBJC_WEAK = YES;
				CLANG_WARN_BLOCK_CAPTURE_AUTORELEASING = YES;
				CLANG_WARN_BOOL_CONVERSION = YES;
				CLANG_WARN_COMMA = YES;
				CLANG_WARN_CONSTANT_CONVERSION = YES;
				CLANG_WARN_DEPRECATED_OBJC_IMPLEMENTATIONS = YES;
				CLANG_WARN_DIRECT_OBJC_ISA_USAGE = YES_ERROR;
				CLANG_WARN_DOCUMENTATION_COMMENTS = YES;
				CLANG_WARN_EMPTY_BODY = YES;
				CLANG_WARN_ENUM_CONVERSION = YES;
				CLANG_WARN_INFINITE_RECURSION = YES;
				CLANG_WARN_INT_CONVERSION = YES;
				CLANG_WARN_NON_LITERAL_NULL_CONVERSION = YES;
				CLANG_WARN_OBJC_IMPLICIT_RETAIN_SELF = YES;
				CLANG_WARN_OBJC_LITERAL_CONVERSION = YES;
				CLANG_WARN_OBJC_ROOT_CLASS = YES_ERROR;
				CLANG_WARN_QUOTED_INCLUDE_IN_FRAMEWORK_HEADER = YES;
				CLANG_WARN_RANGE_LOOP_ANALYSIS = YES;
				CLANG_WARN_STRICT_PROTOTYPES = YES;
				CLANG_WARN_SUSPICIOUS_MOVE = YES;
				CLANG_WARN_UNGUARDED_AVAILABILITY = YES_AGGRESSIVE;
				CLANG_WARN_UNREACHABLE_CODE = YES;
				CLANG_WARN__DUPLICATE_METHOD_MATCH = YES;
				COPY_PHASE_STRIP = NO;
				DEBUG_INFORMATION_FORMAT = "dwarf-with-dsym";
				ENABLE_NS_ASSERTIONS = NO;
				ENABLE_STRICT_OBJC_MSGSEND = YES;
				GCC_C_LANGUAGE_STANDARD = gnu11;
				GCC_NO_COMMON_BLOCKS = YES;
				GCC_WARN_64_TO_32_BIT_CONVERSION = YES;
				GCC_WARN_ABOUT_RETURN_TYPE = YES_ERROR;
				GCC_WARN_UNDECLARED_SELECTOR = YES;
				GCC_WARN_UNINITIALIZED_AUTOS = YES_AGGRESSIVE;
				GCC_WARN_UNUSED_FUNCTION = YES;
				GCC_WARN_UNUSED_VARIABLE = YES;
				IPHONEOS_DEPLOYMENT_TARGET = 16.2;
				MTL_ENABLE_DEBUG_INFO = NO;
				MTL_FAST_MATH = YES;
				SDKROOT = iphoneos;
				SWIFT_COMPILATION_MODE = wholemodule;
				SWIFT_OPTIMIZATION_LEVEL = "-O";
				VALIDATE_PRODUCT = YES;
			};
			name = Release;
		};
		B25382932988ECCD0037D67F /* Debug */ = {
			isa = XCBuildConfiguration;
			buildSettings = {
				ASSETCATALOG_COMPILER_APPICON_NAME = AppIcon;
				ASSETCATALOG_COMPILER_GLOBAL_ACCENT_COLOR_NAME = AccentColor;
				CODE_SIGN_STYLE = Automatic;
				CURRENT_PROJECT_VERSION = 1;
				DEVELOPMENT_ASSET_PATHS = "\"Demo_MusicPlayer/Preview Content\"";
				ENABLE_PREVIEWS = YES;
				GENERATE_INFOPLIST_FILE = YES;
				INFOPLIST_FILE = "Demo-MusicPlayer-Info.plist";
				INFOPLIST_KEY_UIApplicationSceneManifest_Generation = YES;
				INFOPLIST_KEY_UIApplicationSupportsIndirectInputEvents = YES;
				INFOPLIST_KEY_UILaunchScreen_Generation = YES;
				INFOPLIST_KEY_UISupportedInterfaceOrientations_iPad = "UIInterfaceOrientationPortrait UIInterfaceOrientationPortraitUpsideDown UIInterfaceOrientationLandscapeLeft UIInterfaceOrientationLandscapeRight";
				INFOPLIST_KEY_UISupportedInterfaceOrientations_iPhone = "UIInterfaceOrientationPortrait UIInterfaceOrientationLandscapeLeft UIInterfaceOrientationLandscapeRight";
				LD_RUNPATH_SEARCH_PATHS = (
					"$(inherited)",
					"@executable_path/Frameworks",
				);
				MARKETING_VERSION = 1.0;
				PRODUCT_BUNDLE_IDENTIFIER = "unclean.Demo-MusicPlayer";
				PRODUCT_NAME = "$(TARGET_NAME)";
				SWIFT_EMIT_LOC_STRINGS = YES;
				SWIFT_VERSION = 5.0;
				TARGETED_DEVICE_FAMILY = "1,2";
			};
			name = Debug;
		};
		B25382942988ECCD0037D67F /* Release */ = {
			isa = XCBuildConfiguration;
			buildSettings = {
				ASSETCATALOG_COMPILER_APPICON_NAME = AppIcon;
				ASSETCATALOG_COMPILER_GLOBAL_ACCENT_COLOR_NAME = AccentColor;
				CODE_SIGN_STYLE = Automatic;
				CURRENT_PROJECT_VERSION = 1;
				DEVELOPMENT_ASSET_PATHS = "\"Demo_MusicPlayer/Preview Content\"";
				ENABLE_PREVIEWS = YES;
				GENERATE_INFOPLIST_FILE = YES;
				INFOPLIST_FILE = "Demo-MusicPlayer-Info.plist";
				INFOPLIST_KEY_UIApplicationSceneManifest_Generation = YES;
				INFOPLIST_KEY_UIApplicationSupportsIndirectInputEvents = YES;
				INFOPLIST_KEY_UILaunchScreen_Generation = YES;
				INFOPLIST_KEY_UISupportedInterfaceOrientations_iPad = "UIInterfaceOrientationPortrait UIInterfaceOrientationPortraitUpsideDown UIInterfaceOrientationLandscapeLeft UIInterfaceOrientationLandscapeRight";
				INFOPLIST_KEY_UISupportedInterfaceOrientations_iPhone = "UIInterfaceOrientationPortrait UIInterfaceOrientationLandscapeLeft UIInterfaceOrientationLandscapeRight";
				LD_RUNPATH_SEARCH_PATHS = (
					"$(inherited)",
					"@executable_path/Frameworks",
				);
				MARKETING_VERSION = 1.0;
				PRODUCT_BUNDLE_IDENTIFIER = "unclean.Demo-MusicPlayer";
				PRODUCT_NAME = "$(TARGET_NAME)";
				SWIFT_EMIT_LOC_STRINGS = YES;
				SWIFT_VERSION = 5.0;
				TARGETED_DEVICE_FAMILY = "1,2";
			};
			name = Release;
		};
/* End XCBuildConfiguration section */

/* Begin XCConfigurationList section */
		B253827F2988ECCC0037D67F /* Build configuration list for PBXProject "Demo_MusicPlayer" */ = {
			isa = XCConfigurationList;
			buildConfigurations = (
				B25382902988ECCD0037D67F /* Debug */,
				B25382912988ECCD0037D67F /* Release */,
			);
			defaultConfigurationIsVisible = 0;
			defaultConfigurationName = Release;
		};
		B25382922988ECCD0037D67F /* Build configuration list for PBXNativeTarget "Demo_MusicPlayer" */ = {
			isa = XCConfigurationList;
			buildConfigurations = (
				B25382932988ECCD0037D67F /* Debug */,
				B25382942988ECCD0037D67F /* Release */,
			);
			defaultConfigurationIsVisible = 0;
			defaultConfigurationName = Release;
		};
/* End XCConfigurationList section */
	};
	rootObject = B253827C2988ECCC0037D67F /* Project object */;
}
